dependencies:
- name: karpenter
  repository: oci://public.ecr.aws/karpenter
  version: 1.8.6
- name: gluon
  repository: oci://registry1.dso.mil/bigbang
  version: 0.9.7
- name: bb-common
  repository: oci://registry1.dso.mil/bigbang
  version: 0.14.0
digest: sha256:51df1d111bb60b5cf0a6f02f08671e8a704ae36dffcad19ac69d3f407f8b53b9
generated: "2026-01-29T07:07:34.218267385Z"
