dependencies:
- name: karpenter
  repository: oci://public.ecr.aws/karpenter
  version: 1.7.1
- name: gluon
  repository: oci://registry1.dso.mil/bigbang
  version: 0.9.3
- name: bb-common
  repository: oci://registry1.dso.mil/bigbang
  version: 0.10.0
digest: sha256:9fe0b5ee8b796238386abab5adfe16ab8438df72c99504ae6375df56cbdcb8c9
generated: "2025-11-24T09:29:38.829418-05:00"
